Microsoft Visual Studio Solution File, Format Version 12.00
# Visual Studio 2013
VisualStudioVersion = 12.0.40629.0
MinimumVisualStudioVersion = 10.0.40219.1
Project("{FAE04EC0-301F-11D3-BF4B-00C04F79EFBC}") = "LoanBroker", "LoanBroker\LoanBroker.csproj", "{9D7DC6B7-85AE-4B69-A804-24F34B7DAB1D}"
EndProject
Project("{FAE04EC0-301F-11D3-BF4B-00C04F79EFBC}") = "MsmqGateway", "MsmqGateway\MsmqGateway.csproj", "{E2DCBAAC-EA99-4C68-9523-AA69251570A8}"
EndProject
Project("{FAE04EC0-301F-11D3-BF4B-00C04F79EFBC}") = "CreditBureau", "CreditBureau\CreditBureau.csproj", "{D8F7FDCD-DCD3-4E87-8634-25D2C239B45C}"
EndProject
Project("{FAE04EC0-301F-11D3-BF4B-00C04F79EFBC}") = "Test", "Test\Test.csproj", "{EB0A79F9-1157-4418-86DB-78D7F5FB5598}"
EndProject
Project("{FAE04EC0-301F-11D3-BF4B-00C04F79EFBC}") = "Bank", "Bank\Bank.csproj", "{0A2FE5F1-23F2-428E-A69C-68032818F0FA}"
EndProject
Project("{FAE04EC0-301F-11D3-BF4B-00C04F79EFBC}") = "Messaging.Base", "Messaging.Base\Messaging.Base.csproj", "{62819694-7DE4-49ED-86D5-3BB599ECB41A}"
EndProject
Project("{FAE04EC0-301F-11D3-BF4B-00C04F79EFBC}") = "Messaging.Base.Interface", "Messaging.Base.Interface\Messaging.Base.Interface.csproj", "{04C09384-803C-46E9-8578-7AFBC269A9B0}"
EndProject
Project("{2150E333-8FDC-42A3-9474-1A3956D46DE8}") = "Messaging", "Messaging", "{9535CE0A-8891-4E97-B1D6-34212EA43642}"
EndProject
Project("{2150E333-8FDC-42A3-9474-1A3956D46DE8}") = "MQMQ_Sample", "MQMQ_Sample", "{9DAEFC8A-4D07-4F9D-9E74-47D7E0789B24}"
EndProject
Project("{FAE04EC0-301F-11D3-BF4B-00C04F79EFBC}") = "Messaging.Base.Tests", "Messaging.Base.Tests\Messaging.Base.Tests.csproj", "{DB6BA481-039E-4B79-8666-8201607B6232}"
EndProject
Project("{FAE04EC0-301F-11D3-BF4B-00C04F79EFBC}") = "ManagementConsole", "ManagementConsole\ManagementConsole.csproj", "{6B1EFB63-7063-4141-BA85-2076860ABE9E}"
EndProject
Project("{FAE04EC0-301F-11D3-BF4B-00C04F79EFBC}") = "CommonObjects", "CommonObjects\CommonObjects.csproj", "{4FA085C4-4A66-45A3-A1E4-F81A7FDC5573}"
EndProject
Project("{FAE04EC0-301F-11D3-BF4B-00C04F79EFBC}") = "CreditBureauFailOver", "CreditBureauFailOver\CreditBureauFailOver.csproj", "{33ACAFB8-260A-438C-9F7A-10C9ED43D7CE}"
EndProject
Project("{2150E333-8FDC-42A3-9474-1A3956D46DE8}") = "Messaging Orchestration", "Messaging Orchestration", "{5BE5EF12-88B8-4010-AB66-7006D3212122}"
EndProject
Project("{FAE04EC0-301F-11D3-BF4B-00C04F79EFBC}") = "Messaging.Orchestration", "Messaging.Orchestration\Messaging.Orchestration.csproj", "{B3A80A60-25D1-43D8-AB2F-EC6084FC8161}"
EndProject
Project("{2150E333-8FDC-42A3-9474-1A3956D46DE8}") = "Messaging Utilities", "Messaging Utilities", "{193AF034-D8C7-4478-9738-E0ED53CD495C}"
EndProject
Project("{FAE04EC0-301F-11D3-BF4B-00C04F79EFBC}") = "Messaging.Utilities", "Messaging.Utilities\Messaging.Utilities.csproj", "{1CFF82B3-BFB8-44AF-A237-AA9BC5ECCC95}"
EndProject
Project("{FAE04EC0-301F-11D3-BF4B-00C04F79EFBC}") = "Messaging.Orchestration.Tests", "Messaging.Orchestration.Tests\Messaging.Orchestration.Tests.csproj", "{0220105E-7B51-4A56-B8CE-064B97604666}"
EndProject
Global
	GlobalSection(SolutionConfigurationPlatforms) = preSolution
		Debug|Any CPU = Debug|Any CPU
		Release|Any CPU = Release|Any CPU
	EndGlobalSection
	GlobalSection(ProjectConfigurationPlatforms) = postSolution
		{9D7DC6B7-85AE-4B69-A804-24F34B7DAB1D}.Debug|Any CPU.ActiveCfg = Debug|Any CPU
		{9D7DC6B7-85AE-4B69-A804-24F34B7DAB1D}.Debug|Any CPU.Build.0 = Debug|Any CPU
		{9D7DC6B7-85AE-4B69-A804-24F34B7DAB1D}.Release|Any CPU.ActiveCfg = Release|Any CPU
		{9D7DC6B7-85AE-4B69-A804-24F34B7DAB1D}.Release|Any CPU.Build.0 = Release|Any CPU
		{E2DCBAAC-EA99-4C68-9523-AA69251570A8}.Debug|Any CPU.ActiveCfg = Debug|Any CPU
		{E2DCBAAC-EA99-4C68-9523-AA69251570A8}.Debug|Any CPU.Build.0 = Debug|Any CPU
		{E2DCBAAC-EA99-4C68-9523-AA69251570A8}.Release|Any CPU.ActiveCfg = Release|Any CPU
		{E2DCBAAC-EA99-4C68-9523-AA69251570A8}.Release|Any CPU.Build.0 = Release|Any CPU
		{D8F7FDCD-DCD3-4E87-8634-25D2C239B45C}.Debug|Any CPU.ActiveCfg = Debug|Any CPU
		{D8F7FDCD-DCD3-4E87-8634-25D2C239B45C}.Debug|Any CPU.Build.0 = Debug|Any CPU
		{D8F7FDCD-DCD3-4E87-8634-25D2C239B45C}.Release|Any CPU.ActiveCfg = Release|Any CPU
		{D8F7FDCD-DCD3-4E87-8634-25D2C239B45C}.Release|Any CPU.Build.0 = Release|Any CPU
		{EB0A79F9-1157-4418-86DB-78D7F5FB5598}.Debug|Any CPU.ActiveCfg = Debug|Any CPU
		{EB0A79F9-1157-4418-86DB-78D7F5FB5598}.Debug|Any CPU.Build.0 = Debug|Any CPU
		{EB0A79F9-1157-4418-86DB-78D7F5FB5598}.Release|Any CPU.ActiveCfg = Release|Any CPU
		{EB0A79F9-1157-4418-86DB-78D7F5FB5598}.Release|Any CPU.Build.0 = Release|Any CPU
		{0A2FE5F1-23F2-428E-A69C-68032818F0FA}.Debug|Any CPU.ActiveCfg = Debug|Any CPU
		{0A2FE5F1-23F2-428E-A69C-68032818F0FA}.Debug|Any CPU.Build.0 = Debug|Any CPU
		{0A2FE5F1-23F2-428E-A69C-68032818F0FA}.Release|Any CPU.ActiveCfg = Release|Any CPU
		{0A2FE5F1-23F2-428E-A69C-68032818F0FA}.Release|Any CPU.Build.0 = Release|Any CPU
		{62819694-7DE4-49ED-86D5-3BB599ECB41A}.Debug|Any CPU.ActiveCfg = Debug|Any CPU
		{62819694-7DE4-49ED-86D5-3BB599ECB41A}.Debug|Any CPU.Build.0 = Debug|Any CPU
		{62819694-7DE4-49ED-86D5-3BB599ECB41A}.Release|Any CPU.ActiveCfg = Release|Any CPU
		{62819694-7DE4-49ED-86D5-3BB599ECB41A}.Release|Any CPU.Build.0 = Release|Any CPU
		{04C09384-803C-46E9-8578-7AFBC269A9B0}.Debug|Any CPU.ActiveCfg = Debug|Any CPU
		{04C09384-803C-46E9-8578-7AFBC269A9B0}.Debug|Any CPU.Build.0 = Debug|Any CPU
		{04C09384-803C-46E9-8578-7AFBC269A9B0}.Release|Any CPU.ActiveCfg = Release|Any CPU
		{04C09384-803C-46E9-8578-7AFBC269A9B0}.Release|Any CPU.Build.0 = Release|Any CPU
		{DB6BA481-039E-4B79-8666-8201607B6232}.Debug|Any CPU.ActiveCfg = Debug|Any CPU
		{DB6BA481-039E-4B79-8666-8201607B6232}.Debug|Any CPU.Build.0 = Debug|Any CPU
		{DB6BA481-039E-4B79-8666-8201607B6232}.Release|Any CPU.ActiveCfg = Release|Any CPU
		{DB6BA481-039E-4B79-8666-8201607B6232}.Release|Any CPU.Build.0 = Release|Any CPU
		{6B1EFB63-7063-4141-BA85-2076860ABE9E}.Debug|Any CPU.ActiveCfg = Debug|Any CPU
		{6B1EFB63-7063-4141-BA85-2076860ABE9E}.Debug|Any CPU.Build.0 = Debug|Any CPU
		{6B1EFB63-7063-4141-BA85-2076860ABE9E}.Release|Any CPU.ActiveCfg = Release|Any CPU
		{6B1EFB63-7063-4141-BA85-2076860ABE9E}.Release|Any CPU.Build.0 = Release|Any CPU
		{4FA085C4-4A66-45A3-A1E4-F81A7FDC5573}.Debug|Any CPU.ActiveCfg = Debug|Any CPU
		{4FA085C4-4A66-45A3-A1E4-F81A7FDC5573}.Debug|Any CPU.Build.0 = Debug|Any CPU
		{4FA085C4-4A66-45A3-A1E4-F81A7FDC5573}.Release|Any CPU.ActiveCfg = Release|Any CPU
		{4FA085C4-4A66-45A3-A1E4-F81A7FDC5573}.Release|Any CPU.Build.0 = Release|Any CPU
		{33ACAFB8-260A-438C-9F7A-10C9ED43D7CE}.Debug|Any CPU.ActiveCfg = Debug|Any CPU
		{33ACAFB8-260A-438C-9F7A-10C9ED43D7CE}.Debug|Any CPU.Build.0 = Debug|Any CPU
		{33ACAFB8-260A-438C-9F7A-10C9ED43D7CE}.Release|Any CPU.ActiveCfg = Release|Any CPU
		{33ACAFB8-260A-438C-9F7A-10C9ED43D7CE}.Release|Any CPU.Build.0 = Release|Any CPU
		{B3A80A60-25D1-43D8-AB2F-EC6084FC8161}.Debug|Any CPU.ActiveCfg = Debug|Any CPU
		{B3A80A60-25D1-43D8-AB2F-EC6084FC8161}.Debug|Any CPU.Build.0 = Debug|Any CPU
		{B3A80A60-25D1-43D8-AB2F-EC6084FC8161}.Release|Any CPU.ActiveCfg = Release|Any CPU
		{B3A80A60-25D1-43D8-AB2F-EC6084FC8161}.Release|Any CPU.Build.0 = Release|Any CPU
		{1CFF82B3-BFB8-44AF-A237-AA9BC5ECCC95}.Debug|Any CPU.ActiveCfg = Debug|Any CPU
		{1CFF82B3-BFB8-44AF-A237-AA9BC5ECCC95}.Debug|Any CPU.Build.0 = Debug|Any CPU
		{1CFF82B3-BFB8-44AF-A237-AA9BC5ECCC95}.Release|Any CPU.ActiveCfg = Release|Any CPU
		{1CFF82B3-BFB8-44AF-A237-AA9BC5ECCC95}.Release|Any CPU.Build.0 = Release|Any CPU
		{0220105E-7B51-4A56-B8CE-064B97604666}.Debug|Any CPU.ActiveCfg = Debug|Any CPU
		{0220105E-7B51-4A56-B8CE-064B97604666}.Debug|Any CPU.Build.0 = Debug|Any CPU
		{0220105E-7B51-4A56-B8CE-064B97604666}.Release|Any CPU.ActiveCfg = Release|Any CPU
		{0220105E-7B51-4A56-B8CE-064B97604666}.Release|Any CPU.Build.0 = Release|Any CPU
	EndGlobalSection
	GlobalSection(SolutionProperties) = preSolution
		HideSolutionNode = FALSE
	EndGlobalSection
	GlobalSection(NestedProjects) = preSolution
		{9D7DC6B7-85AE-4B69-A804-24F34B7DAB1D} = {9DAEFC8A-4D07-4F9D-9E74-47D7E0789B24}
		{E2DCBAAC-EA99-4C68-9523-AA69251570A8} = {9DAEFC8A-4D07-4F9D-9E74-47D7E0789B24}
		{D8F7FDCD-DCD3-4E87-8634-25D2C239B45C} = {9DAEFC8A-4D07-4F9D-9E74-47D7E0789B24}
		{EB0A79F9-1157-4418-86DB-78D7F5FB5598} = {9DAEFC8A-4D07-4F9D-9E74-47D7E0789B24}
		{0A2FE5F1-23F2-428E-A69C-68032818F0FA} = {9DAEFC8A-4D07-4F9D-9E74-47D7E0789B24}
		{62819694-7DE4-49ED-86D5-3BB599ECB41A} = {9535CE0A-8891-4E97-B1D6-34212EA43642}
		{04C09384-803C-46E9-8578-7AFBC269A9B0} = {9535CE0A-8891-4E97-B1D6-34212EA43642}
		{DB6BA481-039E-4B79-8666-8201607B6232} = {9535CE0A-8891-4E97-B1D6-34212EA43642}
		{6B1EFB63-7063-4141-BA85-2076860ABE9E} = {9DAEFC8A-4D07-4F9D-9E74-47D7E0789B24}
		{4FA085C4-4A66-45A3-A1E4-F81A7FDC5573} = {9DAEFC8A-4D07-4F9D-9E74-47D7E0789B24}
		{33ACAFB8-260A-438C-9F7A-10C9ED43D7CE} = {9DAEFC8A-4D07-4F9D-9E74-47D7E0789B24}
		{B3A80A60-25D1-43D8-AB2F-EC6084FC8161} = {5BE5EF12-88B8-4010-AB66-7006D3212122}
		{1CFF82B3-BFB8-44AF-A237-AA9BC5ECCC95} = {193AF034-D8C7-4478-9738-E0ED53CD495C}
		{0220105E-7B51-4A56-B8CE-064B97604666} = {5BE5EF12-88B8-4010-AB66-7006D3212122}
	EndGlobalSection
EndGlobal
